
Microsoft Visual Studio Solution File, Format Version 12.00
# Visual Studio Version 16
VisualStudioVersion = 16.0.29123.88
MinimumVisualStudioVersion = 10.0.40219.1
Project("{FAE04EC0-301F-11D3-BF4B-00C04F79EFBC}") = "specDemo", "specDemo\specDemo.csproj", "{58BFF869-834A-442D-9F81-ED6F815EACD0}"
EndProject
Global
	GlobalSection(SolutionConfigurationPlatforms) = preSolution
		Debug|Any CPU = Debug|Any CPU
		Release|Any CPU = Release|Any CPU
	EndGlobalSection
	GlobalSection(ProjectConfigurationPlatforms) = postSolution
		{58BFF869-834A-442D-9F81-ED6F815EACD0}.Debug|Any CPU.ActiveCfg = Debug|Any CPU
		{58BFF869-834A-442D-9F81-ED6F815EACD0}.Debug|Any CPU.Build.0 = Debug|Any CPU
		{58BFF869-834A-442D-9F81-ED6F815EACD0}.Release|Any CPU.ActiveCfg = Release|Any CPU
		{58BFF869-834A-442D-9F81-ED6F815EACD0}.Release|Any CPU.Build.0 = Release|Any CPU
	EndGlobalSection
	GlobalSection(SolutionProperties) = preSolution
		HideSolutionNode = FALSE
	EndGlobalSection
	GlobalSection(ExtensibilityGlobals) = postSolution
		SolutionGuid = {5DF2ACD5-9E84-44A2-817F-9A7D5B3D658C}
	EndGlobalSection
EndGlobal
